
Microsoft Visual Studio Solution File, Format Version 12.00
# Visual Studio 15
VisualStudioVersion = 15.0.28307.1169
MinimumVisualStudioVersion = 10.0.40219.1
Project("{FAE04EC0-301F-11D3-BF4B-00C04F79EFBC}") = "JenkinsSample2", "JenkinsSample2\JenkinsSample2.csproj", "{A1488230-679A-4462-9B3D-F01AEE61E8DD}"
EndProject
Global
	GlobalSection(SolutionConfigurationPlatforms) = preSolution
		Debug|Any CPU = Debug|Any CPU
		Release|Any CPU = Release|Any CPU
	EndGlobalSection
	GlobalSection(ProjectConfigurationPlatforms) = postSolution
		{A1488230-679A-4462-9B3D-F01AEE61E8DD}.Debug|Any CPU.ActiveCfg = Debug|Any CPU
		{A1488230-679A-4462-9B3D-F01AEE61E8DD}.Debug|Any CPU.Build.0 = Debug|Any CPU
		{A1488230-679A-4462-9B3D-F01AEE61E8DD}.Release|Any CPU.ActiveCfg = Release|Any CPU
		{A1488230-679A-4462-9B3D-F01AEE61E8DD}.Release|Any CPU.Build.0 = Release|Any CPU
	EndGlobalSection
	GlobalSection(SolutionProperties) = preSolution
		HideSolutionNode = FALSE
	EndGlobalSection
	GlobalSection(ExtensibilityGlobals) = postSolution
		SolutionGuid = {2384B901-B9B1-4AB5-8CE0-EA37BD21447F}
	EndGlobalSection
EndGlobal
